
Microsoft Visual Studio Solution File, Format Version 12.00
# Visual Studio Version 16
VisualStudioVersion = 16.0.31624.102
MinimumVisualStudioVersion = 10.0.40219.1
Project("{8BC9CEB8-8B4A-11D0-8D11-00A0C91BC942}") = "Sandbox", "Sandbox\Sandbox.vcxproj", "{BB8C72E4-55C1-4F1F-B8A1-614E57655C8D}"
EndProject
Project("{8BC9CEB8-8B4A-11D0-8D11-00A0C91BC942}") = "Tempura", "Tempura\Tempura.vcxproj", "{AFAC29B1-E98B-4DC0-9F67-318ADB31DDB2}"
EndProject
Global
	GlobalSection(SolutionConfigurationPlatforms) = preSolution
		Debug|x64 = Debug|x64
		Release|x64 = Release|x64
	EndGlobalSection
	GlobalSection(ProjectConfigurationPlatforms) = postSolution
		{AFAC29B1-E98B-4DC0-9F67-318ADB31DDB2}.Debug|x64.ActiveCfg = Debug|x64
		{AFAC29B1-E98B-4DC0-9F67-318ADB31DDB2}.Debug|x64.Build.0 = Debug|x64
		{AFAC29B1-E98B-4DC0-9F67-318ADB31DDB2}.Release|x64.ActiveCfg = Release|x64
		{AFAC29B1-E98B-4DC0-9F67-318ADB31DDB2}.Release|x64.Build.0 = Release|x64
		{BB8C72E4-55C1-4F1F-B8A1-614E57655C8D}.Debug|x64.ActiveCfg = Debug|x64
		{BB8C72E4-55C1-4F1F-B8A1-614E57655C8D}.Debug|x64.Build.0 = Debug|x64
		{BB8C72E4-55C1-4F1F-B8A1-614E57655C8D}.Release|x64.ActiveCfg = Release|x64
		{BB8C72E4-55C1-4F1F-B8A1-614E57655C8D}.Release|x64.Build.0 = Release|x64
	EndGlobalSection
	GlobalSection(SolutionProperties) = preSolution
		HideSolutionNode = FALSE
	EndGlobalSection
	GlobalSection(ExtensibilityGlobals) = postSolution
		SolutionGuid = {0DB51DF9-E58A-4A2F-A5B3-38250AB54D2D}
	EndGlobalSection
EndGlobal
